
Microsoft Visual Studio Solution File, Format Version 12.00
# Visual Studio Version 18
VisualStudioVersion = 18.7.11903.348
MinimumVisualStudioVersion = 10.0.40219.1
Project("{9A19103F-16F7-4668-BE54-9A1E7A4F7556}") = "HomeCentral", "Home Central\HomeCentral.csproj", "{404329D7-C902-4385-9262-FB2801E64426}"
EndProject
Project("{2150E333-8FDC-42A3-9474-1A3956D46DE8}") = "0. Info", "0. Info", "{02EA681E-C7D8-13C7-8484-4AC65E1B71E8}"
	ProjectSection(SolutionItems) = preProject
		.gitignore = .gitignore
		ReadMe.md = ReadMe.md
		ToDo.md = ToDo.md
	EndProjectSection
EndProject
Global
	GlobalSection(SolutionConfigurationPlatforms) = preSolution
		Debug|Any CPU = Debug|Any CPU
		Release|Any CPU = Release|Any CPU
	EndGlobalSection
	GlobalSection(ProjectConfigurationPlatforms) = postSolution
		{404329D7-C902-4385-9262-FB2801E64426}.Debug|Any CPU.ActiveCfg = Debug|Any CPU
		{404329D7-C902-4385-9262-FB2801E64426}.Debug|Any CPU.Build.0 = Debug|Any CPU
		{404329D7-C902-4385-9262-FB2801E64426}.Release|Any CPU.ActiveCfg = Release|Any CPU
		{404329D7-C902-4385-9262-FB2801E64426}.Release|Any CPU.Build.0 = Release|Any CPU
	EndGlobalSection
	GlobalSection(SolutionProperties) = preSolution
		HideSolutionNode = FALSE
	EndGlobalSection
	GlobalSection(ExtensibilityGlobals) = postSolution
		SolutionGuid = {CF6D4AA3-8E9A-45AE-92B7-6FC6C7DC84FE}
	EndGlobalSection
EndGlobal
