
Microsoft Visual Studio Solution File, Format Version 12.00
# Visual Studio Version 17
VisualStudioVersion = 17.5.002.0
MinimumVisualStudioVersion = 10.0.40219.1
Project("{9A19103F-16F7-4668-BE54-9A1E7A4F7556}") = "Home Central", "Home Central.csproj", "{D6AC9CD0-A1E2-46C3-BD62-0BABA0BF389F}"
EndProject
Global
	GlobalSection(SolutionConfigurationPlatforms) = preSolution
		Debug|Any CPU = Debug|Any CPU
		Release|Any CPU = Release|Any CPU
	EndGlobalSection
	GlobalSection(ProjectConfigurationPlatforms) = postSolution
		{D6AC9CD0-A1E2-46C3-BD62-0BABA0BF389F}.Debug|Any CPU.ActiveCfg = Debug|Any CPU
		{D6AC9CD0-A1E2-46C3-BD62-0BABA0BF389F}.Debug|Any CPU.Build.0 = Debug|Any CPU
		{D6AC9CD0-A1E2-46C3-BD62-0BABA0BF389F}.Release|Any CPU.ActiveCfg = Release|Any CPU
		{D6AC9CD0-A1E2-46C3-BD62-0BABA0BF389F}.Release|Any CPU.Build.0 = Release|Any CPU
	EndGlobalSection
	GlobalSection(SolutionProperties) = preSolution
		HideSolutionNode = FALSE
	EndGlobalSection
	GlobalSection(ExtensibilityGlobals) = postSolution
		SolutionGuid = {08A2E222-5CAC-4C72-B272-45EBE338AC37}
	EndGlobalSection
EndGlobal
